
Microsoft Visual Studio Solution File, Format Version 12.00
# Visual Studio Version 17
VisualStudioVersion = 17.4.33205.214
MinimumVisualStudioVersion = 10.0.40219.1
Project("{FAE04EC0-301F-11D3-BF4B-00C04F79EFBC}") = "Employee Management", "Employee Management\Employee Management.csproj", "{F7A3229C-FE57-46E1-9A99-0CB9E432CCD7}"
EndProject
Global
	GlobalSection(SolutionConfigurationPlatforms) = preSolution
		Debug|Any CPU = Debug|Any CPU
		Release|Any CPU = Release|Any CPU
	EndGlobalSection
	GlobalSection(ProjectConfigurationPlatforms) = postSolution
		{F7A3229C-FE57-46E1-9A99-0CB9E432CCD7}.Debug|Any CPU.ActiveCfg = Debug|Any CPU
		{F7A3229C-FE57-46E1-9A99-0CB9E432CCD7}.Debug|Any CPU.Build.0 = Debug|Any CPU
		{F7A3229C-FE57-46E1-9A99-0CB9E432CCD7}.Release|Any CPU.ActiveCfg = Release|Any CPU
		{F7A3229C-FE57-46E1-9A99-0CB9E432CCD7}.Release|Any CPU.Build.0 = Release|Any CPU
	EndGlobalSection
	GlobalSection(SolutionProperties) = preSolution
		HideSolutionNode = FALSE
	EndGlobalSection
	GlobalSection(ExtensibilityGlobals) = postSolution
		SolutionGuid = {A7763B0D-D2E7-4317-AD33-3650AD6174E4}
	EndGlobalSection
EndGlobal
